// !$*UTF8*$!
{
	archiveVersion = 1;
	classes = {
	};
	objectVersion = 56;
	objects = {

/* Begin PBXBuildFile section */
		0032950528F7EC53002376DD /* RepeatSectionCell.swift in Sources */ = {isa = PBXBuildFile; fileRef = 0032950428F7EC53002376DD /* RepeatSectionCell.swift */; };
		00D17CB728F7ABB3007DEDC8 /* DailyNoticeView.swift in Sources */ = {isa = PBXBuildFile; fileRef = 00D17CB628F7ABB3007DEDC8 /* DailyNoticeView.swift */; };
		6C316A2028F6956D006A7473 /* NotifisorApp.swift in Sources */ = {isa = PBXBuildFile; fileRef = 6C316A1F28F6956D006A7473 /* NotifisorApp.swift */; };
		6C316A2228F6956D006A7473 /* ContentView.swift in Sources */ = {isa = PBXBuildFile; fileRef = 6C316A2128F6956D006A7473 /* ContentView.swift */; };
		6C316A2428F6956F006A7473 /* Assets.xcassets in Resources */ = {isa = PBXBuildFile; fileRef = 6C316A2328F6956F006A7473 /* Assets.xcassets */; };
		6C316A2728F6956F006A7473 /* Preview Assets.xcassets in Resources */ = {isa = PBXBuildFile; fileRef = 6C316A2628F6956F006A7473 /* Preview Assets.xcassets */; };
		6CA163DF28F7A89F00E018F4 /* DailyNoticeCell.swift in Sources */ = {isa = PBXBuildFile; fileRef = 6CA163DE28F7A89F00E018F4 /* DailyNoticeCell.swift */; };
		6CA163E128F7A8B200E018F4 /* DayCell.swift in Sources */ = {isa = PBXBuildFile; fileRef = 6CA163E028F7A8B200E018F4 /* DayCell.swift */; };
		6CA163E328F7A8CD00E018F4 /* HistoryNoticeView.swift in Sources */ = {isa = PBXBuildFile; fileRef = 6CA163E228F7A8CD00E018F4 /* HistoryNoticeView.swift */; };
		6CA163E528F7A8E100E018F4 /* Notice.swift in Sources */ = {isa = PBXBuildFile; fileRef = 6CA163E428F7A8E100E018F4 /* Notice.swift */; };
		6CA163E728F7A8F400E018F4 /* TodayViewModel.swift in Sources */ = {isa = PBXBuildFile; fileRef = 6CA163E628F7A8F400E018F4 /* TodayViewModel.swift */; };
		6CA163EB28F7B63100E018F4 /* NoticeEditView.swift in Sources */ = {isa = PBXBuildFile; fileRef = 6CA163EA28F7B63100E018F4 /* NoticeEditView.swift */; };
		6CE5774128F7E8A400A4CF7A /* Unit.swift in Sources */ = {isa = PBXBuildFile; fileRef = 6CE5774028F7E8A400A4CF7A /* Unit.swift */; };
		6CE5774328F7E8F200A4CF7A /* NumbersOnly.swift in Sources */ = {isa = PBXBuildFile; fileRef = 6CE5774228F7E8F200A4CF7A /* NumbersOnly.swift */; };
		6CE5774528F7EB5F00A4CF7A /* Repeat.swift in Sources */ = {isa = PBXBuildFile; fileRef = 6CE5774428F7EB5F00A4CF7A /* Repeat.swift */; };
/* End PBXBuildFile section */

/* Begin PBXFileReference section */
		0032950428F7EC53002376DD /* RepeatSectionCell.swift */ = {isa = PBXFileReference; lastKnownFileType = sourcecode.swift; path = RepeatSectionCell.swift; sourceTree = "<group>"; };
		00D17CB628F7ABB3007DEDC8 /* DailyNoticeView.swift */ = {isa = PBXFileReference; lastKnownFileType = sourcecode.swift; path = DailyNoticeView.swift; sourceTree = "<group>"; };
		6C316A1C28F6956D006A7473 /* Notifisor.app */ = {isa = PBXFileReference; explicitFileType = wrapper.application; includeInIndex = 0; path = Notifisor.app; sourceTree = BUILT_PRODUCTS_DIR; };
		6C316A1F28F6956D006A7473 /* NotifisorApp.swift */ = {isa = PBXFileReference; lastKnownFileType = sourcecode.swift; path = NotifisorApp.swift; sourceTree = "<group>"; };
		6C316A2128F6956D006A7473 /* ContentView.swift */ = {isa = PBXFileReference; lastKnownFileType = sourcecode.swift; path = ContentView.swift; sourceTree = "<group>"; };
		6C316A2328F6956F006A7473 /* Assets.xcassets */ = {isa = PBXFileReference; lastKnownFileType = folder.assetcatalog; path = Assets.xcassets; sourceTree = "<group>"; };
		6C316A2628F6956F006A7473 /* Preview Assets.xcassets */ = {isa = PBXFileReference; lastKnownFileType = folder.assetcatalog; path = "Preview Assets.xcassets"; sourceTree = "<group>"; };
		6CA163DE28F7A89F00E018F4 /* DailyNoticeCell.swift */ = {isa = PBXFileReference; lastKnownFileType = sourcecode.swift; path = DailyNoticeCell.swift; sourceTree = "<group>"; };
		6CA163E028F7A8B200E018F4 /* DayCell.swift */ = {isa = PBXFileReference; lastKnownFileType = sourcecode.swift; path = DayCell.swift; sourceTree = "<group>"; };
		6CA163E228F7A8CD00E018F4 /* HistoryNoticeView.swift */ = {isa = PBXFileReference; lastKnownFileType = sourcecode.swift; path = HistoryNoticeView.swift; sourceTree = "<group>"; };
		6CA163E428F7A8E100E018F4 /* Notice.swift */ = {isa = PBXFileReference; lastKnownFileType = sourcecode.swift; path = Notice.swift; sourceTree = "<group>"; };
		6CA163E628F7A8F400E018F4 /* TodayViewModel.swift */ = {isa = PBXFileReference; lastKnownFileType = sourcecode.swift; path = TodayViewModel.swift; sourceTree = "<group>"; };
		6CA163EA28F7B63100E018F4 /* NoticeEditView.swift */ = {isa = PBXFileReference; lastKnownFileType = sourcecode.swift; path = NoticeEditView.swift; sourceTree = "<group>"; };
		6CE5774028F7E8A400A4CF7A /* Unit.swift */ = {isa = PBXFileReference; lastKnownFileType = sourcecode.swift; path = Unit.swift; sourceTree = "<group>"; };
		6CE5774228F7E8F200A4CF7A /* NumbersOnly.swift */ = {isa = PBXFileReference; lastKnownFileType = sourcecode.swift; path = NumbersOnly.swift; sourceTree = "<group>"; };
		6CE5774428F7EB5F00A4CF7A /* Repeat.swift */ = {isa = PBXFileReference; lastKnownFileType = sourcecode.swift; path = Repeat.swift; sourceTree = "<group>"; };
/* End PBXFileReference section */

/* Begin PBXFrameworksBuildPhase section */
		6C316A1928F6956D006A7473 /* Frameworks */ = {
			isa = PBXFrameworksBuildPhase;
			buildActionMask = 2147483647;
			files = (
			);
			runOnlyForDeploymentPostprocessing = 0;
		};
/* End PBXFrameworksBuildPhase section */

/* Begin PBXGroup section */
		6C316A1328F6956D006A7473 = {
			isa = PBXGroup;
			children = (
				6C316A1E28F6956D006A7473 /* Notifisor */,
				6C316A1D28F6956D006A7473 /* Products */,
			);
			sourceTree = "<group>";
		};
		6C316A1D28F6956D006A7473 /* Products */ = {
			isa = PBXGroup;
			children = (
				6C316A1C28F6956D006A7473 /* Notifisor.app */,
			);
			name = Products;
			sourceTree = "<group>";
		};
		6C316A1E28F6956D006A7473 /* Notifisor */ = {
			isa = PBXGroup;
			children = (
				6C316A2D28F695F8006A7473 /* Model */,
				6C316A2E28F6960B006A7473 /* ViewModel */,
				6C316A2F28F69611006A7473 /* View */,
				6C316A3028F6962D006A7473 /* Main */,
				6C316A1F28F6956D006A7473 /* NotifisorApp.swift */,
				6C316A2328F6956F006A7473 /* Assets.xcassets */,
				6C316A2528F6956F006A7473 /* Preview Content */,
			);
			path = Notifisor;
			sourceTree = "<group>";
		};
		6C316A2528F6956F006A7473 /* Preview Content */ = {
			isa = PBXGroup;
			children = (
				6C316A2628F6956F006A7473 /* Preview Assets.xcassets */,
			);
			path = "Preview Content";
			sourceTree = "<group>";
		};
		6C316A2D28F695F8006A7473 /* Model */ = {
			isa = PBXGroup;
			children = (
				6CA163E428F7A8E100E018F4 /* Notice.swift */,
				6CE5774028F7E8A400A4CF7A /* Unit.swift */,
				6CE5774228F7E8F200A4CF7A /* NumbersOnly.swift */,
				6CE5774428F7EB5F00A4CF7A /* Repeat.swift */,
			);
			path = Model;
			sourceTree = "<group>";
		};
		6C316A2E28F6960B006A7473 /* ViewModel */ = {
			isa = PBXGroup;
			children = (
				6CA163E628F7A8F400E018F4 /* TodayViewModel.swift */,
			);
			path = ViewModel;
			sourceTree = "<group>";
		};
		6C316A2F28F69611006A7473 /* View */ = {
			isa = PBXGroup;
			children = (
				6CA163E928F7B5E200E018F4 /* EditNotice */,
				6C316A3128F6967B006A7473 /* Today */,
				6C316A3228F696A1006A7473 /* History */,
				6C316A3328F696B1006A7473 /* DailyHistory */,
			);
			path = View;
			sourceTree = "<group>";
		};
		6C316A3028F6962D006A7473 /* Main */ = {
			isa = PBXGroup;
			children = (
				6C316A2128F6956D006A7473 /* ContentView.swift */,
			);
			path = Main;
			sourceTree = "<group>";
		};
		6C316A3128F6967B006A7473 /* Today */ = {
			isa = PBXGroup;
			children = (
				6CA163DE28F7A89F00E018F4 /* DailyNoticeCell.swift */,
				00D17CB628F7ABB3007DEDC8 /* DailyNoticeView.swift */,
			);
			path = Today;
			sourceTree = "<group>";
		};
		6C316A3228F696A1006A7473 /* History */ = {
			isa = PBXGroup;
			children = (
				6CA163E028F7A8B200E018F4 /* DayCell.swift */,
			);
			path = History;
			sourceTree = "<group>";
		};
		6C316A3328F696B1006A7473 /* DailyHistory */ = {
			isa = PBXGroup;
			children = (
				6CA163E228F7A8CD00E018F4 /* HistoryNoticeView.swift */,
			);
			path = DailyHistory;
			sourceTree = "<group>";
		};
		6CA163E928F7B5E200E018F4 /* EditNotice */ = {
			isa = PBXGroup;
			children = (
				6CA163EA28F7B63100E018F4 /* NoticeEditView.swift */,
				0032950428F7EC53002376DD /* RepeatSectionCell.swift */,
			);
			path = EditNotice;
			sourceTree = "<group>";
		};
/* End PBXGroup section */

/* Begin PBXNativeTarget section */
		6C316A1B28F6956D006A7473 /* Notifisor */ = {
			isa = PBXNativeTarget;
			buildConfigurationList = 6C316A2A28F6956F006A7473 /* Build configuration list for PBXNativeTarget "Notifisor" */;
			buildPhases = (
				6C316A1828F6956D006A7473 /* Sources */,
				6C316A1928F6956D006A7473 /* Frameworks */,
				6C316A1A28F6956D006A7473 /* Resources */,
			);
			buildRules = (
			);
			dependencies = (
			);
			name = Notifisor;
			productName = Notifisor;
			productReference = 6C316A1C28F6956D006A7473 /* Notifisor.app */;
			productType = "com.apple.product-type.application";
		};
/* End PBXNativeTarget section */

/* Begin PBXProject section */
		6C316A1428F6956D006A7473 /* Project object */ = {
			isa = PBXProject;
			attributes = {
				BuildIndependentTargetsInParallel = 1;
				LastSwiftUpdateCheck = 1400;
				LastUpgradeCheck = 1400;
				TargetAttributes = {
					6C316A1B28F6956D006A7473 = {
						CreatedOnToolsVersion = 14.0.1;
					};
				};
			};
			buildConfigurationList = 6C316A1728F6956D006A7473 /* Build configuration list for PBXProject "Notifisor" */;
			compatibilityVersion = "Xcode 14.0";
			developmentRegion = en;
			hasScannedForEncodings = 0;
			knownRegions = (
				en,
				Base,
			);
			mainGroup = 6C316A1328F6956D006A7473;
			productRefGroup = 6C316A1D28F6956D006A7473 /* Products */;
			projectDirPath = "";
			projectRoot = "";
			targets = (
				6C316A1B28F6956D006A7473 /* Notifisor */,
			);
		};
/* End PBXProject section */

/* Begin PBXResourcesBuildPhase section */
		6C316A1A28F6956D006A7473 /* Resources */ = {
			isa = PBXResourcesBuildPhase;
			buildActionMask = 2147483647;
			files = (
				6C316A2728F6956F006A7473 /* Preview Assets.xcassets in Resources */,
				6C316A2428F6956F006A7473 /* Assets.xcassets in Resources */,
			);
			runOnlyForDeploymentPostprocessing = 0;
		};
/* End PBXResourcesBuildPhase section */

/* Begin PBXSourcesBuildPhase section */
		6C316A1828F6956D006A7473 /* Sources */ = {
			isa = PBXSourcesBuildPhase;
			buildActionMask = 2147483647;
			files = (
				00D17CB728F7ABB3007DEDC8 /* DailyNoticeView.swift in Sources */,
				6C316A2228F6956D006A7473 /* ContentView.swift in Sources */,
				6CA163E728F7A8F400E018F4 /* TodayViewModel.swift in Sources */,
				6CE5774328F7E8F200A4CF7A /* NumbersOnly.swift in Sources */,
				0032950528F7EC53002376DD /* RepeatSectionCell.swift in Sources */,
				6CE5774528F7EB5F00A4CF7A /* Repeat.swift in Sources */,
				6CA163EB28F7B63100E018F4 /* NoticeEditView.swift in Sources */,
				6CA163E328F7A8CD00E018F4 /* HistoryNoticeView.swift in Sources */,
				6CE5774128F7E8A400A4CF7A /* Unit.swift in Sources */,
				6CA163DF28F7A89F00E018F4 /* DailyNoticeCell.swift in Sources */,
				6CA163E528F7A8E100E018F4 /* Notice.swift in Sources */,
				6CA163E128F7A8B200E018F4 /* DayCell.swift in Sources */,
				6C316A2028F6956D006A7473 /* NotifisorApp.swift in Sources */,
			);
			runOnlyForDeploymentPostprocessing = 0;
		};
/* End PBXSourcesBuildPhase section */

/* Begin XCBuildConfiguration section */
		6C316A2828F6956F006A7473 /* Debug */ = {
			isa = XCBuildConfiguration;
			buildSettings = {
				ALWAYS_SEARCH_USER_PATHS = NO;
				CLANG_ANALYZER_NONNULL = YES;
				CLANG_ANALYZER_NUMBER_OBJECT_CONVERSION = YES_AGGRESSIVE;
				CLANG_CXX_LANGUAGE_STANDARD = "gnu++20";
				CLANG_ENABLE_MODULES = YES;
				CLANG_ENABLE_OBJC_ARC = YES;
				CLANG_ENABLE_OBJC_WEAK = YES;
				CLANG_WARN_BLOCK_CAPTURE_AUTORELEASING = YES;
				CLANG_WARN_BOOL_CONVERSION = YES;
				CLANG_WARN_COMMA = YES;
				CLANG_WARN_CONSTANT_CONVERSION = YES;
				CLANG_WARN_DEPRECATED_OBJC_IMPLEMENTATIONS = YES;
				CLANG_WARN_DIRECT_OBJC_ISA_USAGE = YES_ERROR;
				CLANG_WARN_DOCUMENTATION_COMMENTS = YES;
				CLANG_WARN_EMPTY_BODY = YES;
				CLANG_WARN_ENUM_CONVERSION = YES;
				CLANG_WARN_INFINITE_RECURSION = YES;
				CLANG_WARN_INT_CONVERSION = YES;
				CLANG_WARN_NON_LITERAL_NULL_CONVERSION = YES;
				CLANG_WARN_OBJC_IMPLICIT_RETAIN_SELF = YES;
				CLANG_WARN_OBJC_LITERAL_CONVERSION = YES;
				CLANG_WARN_OBJC_ROOT_CLASS = YES_ERROR;
				CLANG_WARN_QUOTED_INCLUDE_IN_FRAMEWORK_HEADER = YES;
				CLANG_WARN_RANGE_LOOP_ANALYSIS = YES;
				CLANG_WARN_STRICT_PROTOTYPES = YES;
				CLANG_WARN_SUSPICIOUS_MOVE = YES;
				CLANG_WARN_UNGUARDED_AVAILABILITY = YES_AGGRESSIVE;
				CLANG_WARN_UNREACHABLE_CODE = YES;
				CLANG_WARN__DUPLICATE_METHOD_MATCH = YES;
				COPY_PHASE_STRIP = NO;
				DEBUG_INFORMATION_FORMAT = dwarf;
				ENABLE_STRICT_OBJC_MSGSEND = YES;
				ENABLE_TESTABILITY = YES;
				GCC_C_LANGUAGE_STANDARD = gnu11;
				GCC_DYNAMIC_NO_PIC = NO;
				GCC_NO_COMMON_BLOCKS = YES;
				GCC_OPTIMIZATION_LEVEL = 0;
				GCC_PREPROCESSOR_DEFINITIONS = (
					"DEBUG=1",
					"$(inherited)",
				);
				GCC_WARN_64_TO_32_BIT_CONVERSION = YES;
				GCC_WARN_ABOUT_RETURN_TYPE = YES_ERROR;
				GCC_WARN_UNDECLARED_SELECTOR = YES;
				GCC_WARN_UNINITIALIZED_AUTOS = YES_AGGRESSIVE;
				GCC_WARN_UNUSED_FUNCTION = YES;
				GCC_WARN_UNUSED_VARIABLE = YES;
				IPHONEOS_DEPLOYMENT_TARGET = 16.0;
				MTL_ENABLE_DEBUG_INFO = INCLUDE_SOURCE;
				MTL_FAST_MATH = YES;
				ONLY_ACTIVE_ARCH = YES;
				SDKROOT = iphoneos;
				SWIFT_ACTIVE_COMPILATION_CONDITIONS = DEBUG;
				SWIFT_OPTIMIZATION_LEVEL = "-Onone";
			};
			name = Debug;
		};
		6C316A2928F6956F006A7473 /* Release */ = {
			isa = XCBuildConfiguration;
			buildSettings = {
				ALWAYS_SEARCH_USER_PATHS = NO;
				CLANG_ANALYZER_NONNULL = YES;
				CLANG_ANALYZER_NUMBER_OBJECT_CONVERSION = YES_AGGRESSIVE;
				CLANG_CXX_LANGUAGE_STANDARD = "gnu++20";
				CLANG_ENABLE_MODULES = YES;
				CLANG_ENABLE_OBJC_ARC = YES;
				CLANG_ENABLE_OBJC_WEAK = YES;
				CLANG_WARN_BLOCK_CAPTURE_AUTORELEASING = YES;
				CLANG_WARN_BOOL_CONVERSION = YES;
				CLANG_WARN_COMMA = YES;
				CLANG_WARN_CONSTANT_CONVERSION = YES;
				CLANG_WARN_DEPRECATED_OBJC_IMPLEMENTATIONS = YES;
				CLANG_WARN_DIRECT_OBJC_ISA_USAGE = YES_ERROR;
				CLANG_WARN_DOCUMENTATION_COMMENTS = YES;
				CLANG_WARN_EMPTY_BODY = YES;
				CLANG_WARN_ENUM_CONVERSION = YES;
				CLANG_WARN_INFINITE_RECURSION = YES;
				CLANG_WARN_INT_CONVERSION = YES;
				CLANG_WARN_NON_LITERAL_NULL_CONVERSION = YES;
				CLANG_WARN_OBJC_IMPLICIT_RETAIN_SELF = YES;
				CLANG_WARN_OBJC_LITERAL_CONVERSION = YES;
				CLANG_WARN_OBJC_ROOT_CLASS = YES_ERROR;
				CLANG_WARN_QUOTED_INCLUDE_IN_FRAMEWORK_HEADER = YES;
				CLANG_WARN_RANGE_LOOP_ANALYSIS = YES;
				CLANG_WARN_STRICT_PROTOTYPES = YES;
				CLANG_WARN_SUSPICIOUS_MOVE = YES;
				CLANG_WARN_UNGUARDED_AVAILABILITY = YES_AGGRESSIVE;
				CLANG_WARN_UNREACHABLE_CODE = YES;
				CLANG_WARN__DUPLICATE_METHOD_MATCH = YES;
				COPY_PHASE_STRIP = NO;
				DEBUG_INFORMATION_FORMAT = "dwarf-with-dsym";
				ENABLE_NS_ASSERTIONS = NO;
				ENABLE_STRICT_OBJC_MSGSEND = YES;
				GCC_C_LANGUAGE_STANDARD = gnu11;
				GCC_NO_COMMON_BLOCKS = YES;
				GCC_WARN_64_TO_32_BIT_CONVERSION = YES;
				GCC_WARN_ABOUT_RETURN_TYPE = YES_ERROR;
				GCC_WARN_UNDECLARED_SELECTOR = YES;
				GCC_WARN_UNINITIALIZED_AUTOS = YES_AGGRESSIVE;
				GCC_WARN_UNUSED_FUNCTION = YES;
				GCC_WARN_UNUSED_VARIABLE = YES;
				IPHONEOS_DEPLOYMENT_TARGET = 16.0;
				MTL_ENABLE_DEBUG_INFO = NO;
				MTL_FAST_MATH = YES;
				SDKROOT = iphoneos;
				SWIFT_COMPILATION_MODE = wholemodule;
				SWIFT_OPTIMIZATION_LEVEL = "-O";
				VALIDATE_PRODUCT = YES;
			};
			name = Release;
		};
		6C316A2B28F6956F006A7473 /* Debug */ = {
			isa = XCBuildConfiguration;
			buildSettings = {
				ASSETCATALOG_COMPILER_APPICON_NAME = AppIcon;
				ASSETCATALOG_COMPILER_GLOBAL_ACCENT_COLOR_NAME = AccentColor;
				CODE_SIGN_IDENTITY = "Apple Development";
				"CODE_SIGN_IDENTITY[sdk=iphoneos*]" = "iPhone Developer";
				CODE_SIGN_STYLE = Manual;
				CURRENT_PROJECT_VERSION = 1;
				DEVELOPMENT_ASSET_PATHS = "\"Notifisor/Preview Content\"";
				DEVELOPMENT_TEAM = "";
				"DEVELOPMENT_TEAM[sdk=iphoneos*]" = 8ZQU3Y88G8;
				ENABLE_PREVIEWS = YES;
				GENERATE_INFOPLIST_FILE = YES;
				INFOPLIST_KEY_UIApplicationSceneManifest_Generation = YES;
				INFOPLIST_KEY_UIApplicationSupportsIndirectInputEvents = YES;
				INFOPLIST_KEY_UILaunchScreen_Generation = YES;
				INFOPLIST_KEY_UISupportedInterfaceOrientations_iPad = "UIInterfaceOrientationPortrait UIInterfaceOrientationPortraitUpsideDown UIInterfaceOrientationLandscapeLeft UIInterfaceOrientationLandscapeRight";
				INFOPLIST_KEY_UISupportedInterfaceOrientations_iPhone = "UIInterfaceOrientationPortrait UIInterfaceOrientationLandscapeLeft UIInterfaceOrientationLandscapeRight";
				IPHONEOS_DEPLOYMENT_TARGET = 15.0;
				LD_RUNPATH_SEARCH_PATHS = (
					"$(inherited)",
					"@executable_path/Frameworks",
				);
				MARKETING_VERSION = 1.0;
				PRODUCT_BUNDLE_IDENTIFIER = com.SungJuKim.Notifisor;
				PRODUCT_NAME = "$(TARGET_NAME)";
				PROVISIONING_PROFILE_SPECIFIER = "";
				"PROVISIONING_PROFILE_SPECIFIER[sdk=iphoneos*]" = Notifisor;
				SWIFT_EMIT_LOC_STRINGS = YES;
				SWIFT_VERSION = 5.0;
				TARGETED_DEVICE_FAMILY = "1,2";
			};
			name = Debug;
		};
		6C316A2C28F6956F006A7473 /* Release */ = {
			isa = XCBuildConfiguration;
			buildSettings = {
				ASSETCATALOG_COMPILER_APPICON_NAME = AppIcon;
				ASSETCATALOG_COMPILER_GLOBAL_ACCENT_COLOR_NAME = AccentColor;
				CODE_SIGN_IDENTITY = "Apple Development";
				"CODE_SIGN_IDENTITY[sdk=iphoneos*]" = "iPhone Distribution";
				CODE_SIGN_STYLE = Manual;
				CURRENT_PROJECT_VERSION = 1;
				DEVELOPMENT_ASSET_PATHS = "\"Notifisor/Preview Content\"";
				DEVELOPMENT_TEAM = "";
				"DEVELOPMENT_TEAM[sdk=iphoneos*]" = 8ZQU3Y88G8;
				ENABLE_PREVIEWS = YES;
				GENERATE_INFOPLIST_FILE = YES;
				INFOPLIST_KEY_UIApplicationSceneManifest_Generation = YES;
				INFOPLIST_KEY_UIApplicationSupportsIndirectInputEvents = YES;
				INFOPLIST_KEY_UILaunchScreen_Generation = YES;
				INFOPLIST_KEY_UISupportedInterfaceOrientations_iPad = "UIInterfaceOrientationPortrait UIInterfaceOrientationPortraitUpsideDown UIInterfaceOrientationLandscapeLeft UIInterfaceOrientationLandscapeRight";
				INFOPLIST_KEY_UISupportedInterfaceOrientations_iPhone = "UIInterfaceOrientationPortrait UIInterfaceOrientationLandscapeLeft UIInterfaceOrientationLandscapeRight";
				IPHONEOS_DEPLOYMENT_TARGET = 15.0;
				LD_RUNPATH_SEARCH_PATHS = (
					"$(inherited)",
					"@executable_path/Frameworks",
				);
				MARKETING_VERSION = 1.0;
				PRODUCT_BUNDLE_IDENTIFIER = com.SungJuKim.Notifisor;
				PRODUCT_NAME = "$(TARGET_NAME)";
				PROVISIONING_PROFILE_SPECIFIER = "";
				"PROVISIONING_PROFILE_SPECIFIER[sdk=iphoneos*]" = "Notifisor-AdHoc";
				SWIFT_EMIT_LOC_STRINGS = YES;
				SWIFT_VERSION = 5.0;
				TARGETED_DEVICE_FAMILY = "1,2";
			};
			name = Release;
		};
/* End XCBuildConfiguration section */

/* Begin XCConfigurationList section */
		6C316A1728F6956D006A7473 /* Build configuration list for PBXProject "Notifisor" */ = {
			isa = XCConfigurationList;
			buildConfigurations = (
				6C316A2828F6956F006A7473 /* Debug */,
				6C316A2928F6956F006A7473 /* Release */,
			);
			defaultConfigurationIsVisible = 0;
			defaultConfigurationName = Release;
		};
		6C316A2A28F6956F006A7473 /* Build configuration list for PBXNativeTarget "Notifisor" */ = {
			isa = XCConfigurationList;
			buildConfigurations = (
				6C316A2B28F6956F006A7473 /* Debug */,
				6C316A2C28F6956F006A7473 /* Release */,
			);
			defaultConfigurationIsVisible = 0;
			defaultConfigurationName = Release;
		};
/* End XCConfigurationList section */
	};
	rootObject = 6C316A1428F6956D006A7473 /* Project object */;
}
